
Microsoft Visual Studio Solution File, Format Version 12.00
# Visual Studio Version 17
VisualStudioVersion = 17.3.32929.385
MinimumVisualStudioVersion = 10.0.40219.1
Project("{FAE04EC0-301F-11D3-BF4B-00C04F79EFBC}") = "MSSA_Assngnment10.3_ABoutMe", "MSSA_Assngnment10.3_ABoutMe.csproj", "{9DFFFACF-ECAC-4F49-8616-F06A82E13088}"
EndProject
Global
	GlobalSection(SolutionConfigurationPlatforms) = preSolution
		Debug|Any CPU = Debug|Any CPU
		Release|Any CPU = Release|Any CPU
	EndGlobalSection
	GlobalSection(ProjectConfigurationPlatforms) = postSolution
		{9DFFFACF-ECAC-4F49-8616-F06A82E13088}.Debug|Any CPU.ActiveCfg = Debug|Any CPU
		{9DFFFACF-ECAC-4F49-8616-F06A82E13088}.Debug|Any CPU.Build.0 = Debug|Any CPU
		{9DFFFACF-ECAC-4F49-8616-F06A82E13088}.Release|Any CPU.ActiveCfg = Release|Any CPU
		{9DFFFACF-ECAC-4F49-8616-F06A82E13088}.Release|Any CPU.Build.0 = Release|Any CPU
	EndGlobalSection
	GlobalSection(SolutionProperties) = preSolution
		HideSolutionNode = FALSE
	EndGlobalSection
	GlobalSection(ExtensibilityGlobals) = postSolution
		SolutionGuid = {4B490B31-ECB8-4D46-A602-85712A6EBF8E}
	EndGlobalSection
EndGlobal
