
Microsoft Visual Studio Solution File, Format Version 12.00
# Visual Studio Version 17
VisualStudioVersion = 17.3.32929.385
MinimumVisualStudioVersion = 10.0.40219.1
Project("{FAE04EC0-301F-11D3-BF4B-00C04F79EFBC}") = "MSSAassignment5dot2", "MSSAassignment5dot2.csproj", "{3BF6B492-E135-4302-990F-399967642FD2}"
EndProject
Project("{2150E333-8FDC-42A3-9474-1A3956D46DE8}") = "Solution Items", "Solution Items", "{28ADD5C8-061F-4384-AF7C-B0060177AA15}"
	ProjectSection(SolutionItems) = preProject
		AllPersonInfo.cs = AllPersonInfo.cs
	EndProjectSection
EndProject
Global
	GlobalSection(SolutionConfigurationPlatforms) = preSolution
		Debug|Any CPU = Debug|Any CPU
		Release|Any CPU = Release|Any CPU
	EndGlobalSection
	GlobalSection(ProjectConfigurationPlatforms) = postSolution
		{3BF6B492-E135-4302-990F-399967642FD2}.Debug|Any CPU.ActiveCfg = Debug|Any CPU
		{3BF6B492-E135-4302-990F-399967642FD2}.Debug|Any CPU.Build.0 = Debug|Any CPU
		{3BF6B492-E135-4302-990F-399967642FD2}.Release|Any CPU.ActiveCfg = Release|Any CPU
		{3BF6B492-E135-4302-990F-399967642FD2}.Release|Any CPU.Build.0 = Release|Any CPU
	EndGlobalSection
	GlobalSection(SolutionProperties) = preSolution
		HideSolutionNode = FALSE
	EndGlobalSection
	GlobalSection(ExtensibilityGlobals) = postSolution
		SolutionGuid = {4F88E61B-BEA8-4B19-AFE5-B896CB86F740}
	EndGlobalSection
EndGlobal
