
Microsoft Visual Studio Solution File, Format Version 12.00
# Visual Studio Version 17
VisualStudioVersion = 17.3.32929.385
MinimumVisualStudioVersion = 10.0.40219.1
Project("{FAE04EC0-301F-11D3-BF4B-00C04F79EFBC}") = "MSSAassignment4dot3", "MSSAassignment4dot3.csproj", "{2C991747-EE27-4401-9522-FC1C5C615CAA}"
EndProject
Global
	GlobalSection(SolutionConfigurationPlatforms) = preSolution
		Debug|Any CPU = Debug|Any CPU
		Release|Any CPU = Release|Any CPU
	EndGlobalSection
	GlobalSection(ProjectConfigurationPlatforms) = postSolution
		{2C991747-EE27-4401-9522-FC1C5C615CAA}.Debug|Any CPU.ActiveCfg = Debug|Any CPU
		{2C991747-EE27-4401-9522-FC1C5C615CAA}.Debug|Any CPU.Build.0 = Debug|Any CPU
		{2C991747-EE27-4401-9522-FC1C5C615CAA}.Release|Any CPU.ActiveCfg = Release|Any CPU
		{2C991747-EE27-4401-9522-FC1C5C615CAA}.Release|Any CPU.Build.0 = Release|Any CPU
	EndGlobalSection
	GlobalSection(SolutionProperties) = preSolution
		HideSolutionNode = FALSE
	EndGlobalSection
	GlobalSection(ExtensibilityGlobals) = postSolution
		SolutionGuid = {BF48518C-F870-4CC2-9E47-7B22177294F3}
	EndGlobalSection
EndGlobal
